{
  "R": {
    "Version": "4.2.1",
    "Repositories": [
      {
        "Name": "CRAN",
        "URL": "https://cloud.r-project.org"
      }
    ]
  },
  "Packages": {
    "BH": {
      "Package": "BH",
      "Version": "1.84.0-0",
      "Source": "Repository",
      "Repository": "RSPM",
      "Hash": "a8235afbcd6316e6e91433ea47661013",
      "Requirements": []
    },
    "MASS": {
      "Package": "MASS",
      "Version": "7.3-58.1",
      "Source": "Repository",
      "Repository": "RSPM",
      "Hash": "762e1804143a332333c054759f89a706",
      "Requirements": []
    },
    "Matrix": {
      "Package": "Matrix",
      "Version": "1.5-3",
      "Source": "Repository",
      "Repository": "CRAN",
      "Hash": "4006dffe49958d2dd591c17e61e60591",
      "Requirements": [
        "lattice"
      ]
    },
    "R6": {
      "Package": "R6",
      "Version": "2.5.1",
      "Source": "Repository",
      "Repository": "CRAN",
      "Hash": "470851b6d5d0ac559e9d01bb352b4021",
      "Requirements": []
    },
    "RColorBrewer": {
      "Package": "RColorBrewer",
      "Version": "1.1-3",
      "Source": "Repository",
      "Repository": "CRAN",
      "Hash": "45f0398006e83a5b10b72a90663d8d8c",
      "Requirements": []
    },
    "RCurl": {
      "Package": "RCurl",
      "Version": "1.98-1.12",
      "Source": "Repository",
      "Repository": "CRAN",
      "Hash": "1d6ed2d006d483f31c6d5531f3a39923",
      "Requirements": [
        "bitops"
      ]
    },
    "Rcpp": {
      "Package": "Rcpp",
      "Version": "1.0.10",
      "Source": "Repository",
      "Repository": "CRAN",
      "Hash": "e749cae40fa9ef469b6050959517453c",
      "Requirements": []
    },
    "anytime": {
      "Package": "anytime",
      "Version": "0.3.9",
      "Source": "Repository",
      "Repository": "CRAN",
      "Hash": "74a64813f17b492da9c6afda6b128e3d",
      "Requirements": [
        "BH",
        "Rcpp"
      ]
    },
    "askpass": {
      "Package": "askpass",
      "Version": "1.1",
      "Source": "Repository",
      "Repository": "CRAN",
      "Hash": "e8a22846fff485f0be3770c2da758713",
      "Requirements": [
        "sys"
      ]
    },
    "attempt": {
      "Package": "attempt",
      "Version": "0.3.1",
      "Source": "Repository",
      "Repository": "CRAN",
      "Hash": "d7421bb5dfeb2676b9e4a5a60c2fcfd2",
      "Requirements": [
        "rlang"
      ]
    },
    "base64enc": {
      "Package": "base64enc",
      "Version": "0.1-3",
      "Source": "Repository",
      "Repository": "CRAN",
      "Hash": "543776ae6848fde2f48ff3816d0628bc",
      "Requirements": []
    },
    "bit": {
      "Package": "bit",
      "Version": "4.0.5",
      "Source": "Repository",
      "Repository": "CRAN",
      "Hash": "d242abec29412ce988848d0294b208fd",
      "Requirements": []
    },
    "bit64": {
      "Package": "bit64",
      "Version": "4.0.5",
      "Source": "Repository",
      "Repository": "CRAN",
      "Hash": "9fe98599ca456d6552421db0d6772d8f",
      "Requirements": [
        "bit"
      ]
    },
    "bitops": {
      "Package": "bitops",
      "Version": "1.0-7",
      "Source": "Repository",
      "Repository": "RSPM",
      "Hash": "b7d8d8ee39869c18d8846a184dd8a1af",
      "Requirements": []
    },
    "brew": {
      "Package": "brew",
      "Version": "1.0-8",
      "Source": "Repository",
      "Repository": "CRAN",
      "Hash": "d69a786e85775b126bddbee185ae6084",
      "Requirements": []
    },
    "brio": {
      "Package": "brio",
      "Version": "1.1.3",
      "Source": "Repository",
      "Repository": "CRAN",
      "Hash": "976cf154dfb043c012d87cddd8bca363",
      "Requirements": []
    },
    "bs4Dash": {
      "Package": "bs4Dash",
      "Version": "2.3.3",
      "Source": "Repository",
      "Repository": "CRAN",
      "Hash": "9d3c4c0f9022322dbad0b3a68b86e81b",
      "Requirements": [
        "bslib",
        "fresh",
        "htmltools",
        "httpuv",
        "httr",
        "jsonlite",
        "lifecycle",
        "shiny",
        "waiter"
      ]
    },
    "bslib": {
      "Package": "bslib",
      "Version": "0.4.2",
      "Source": "Repository",
      "Repository": "CRAN",
      "Hash": "a7fbf03946ad741129dc81098722fca1",
      "Requirements": [
        "base64enc",
        "cachem",
        "htmltools",
        "jquerylib",
        "jsonlite",
        "memoise",
        "mime",
        "rlang",
        "sass"
      ]
    },
    "cachem": {
      "Package": "cachem",
      "Version": "1.0.7",
      "Source": "Repository",
      "Repository": "CRAN",
      "Hash": "cda74447c42f529de601fe4d4050daef",
      "Requirements": [
        "fastmap",
        "rlang"
      ]
    },
    "callr": {
      "Package": "callr",
      "Version": "3.7.3",
      "Source": "Repository",
      "Repository": "CRAN",
      "Hash": "9b2191ede20fa29828139b9900922e51",
      "Requirements": [
        "R6",
        "processx"
      ]
    },
    "cli": {
      "Package": "cli",
      "Version": "3.6.1",
      "Source": "Repository",
      "Repository": "CRAN",
      "Hash": "89e6d8219950eac806ae0c489052048a",
      "Requirements": []
    },
    "clipr": {
      "Package": "clipr",
      "Version": "0.8.0",
      "Source": "Repository",
      "Repository": "CRAN",
      "Hash": "3f038e5ac7f41d4ac41ce658c85e3042",
      "Requirements": []
    },
    "colorspace": {
      "Package": "colorspace",
      "Version": "2.0-3",
      "Source": "Repository",
      "Repository": "RSPM",
      "Hash": "bb4341986bc8b914f0f0acf2e4a3f2f7",
      "Requirements": []
    },
    "commonmark": {
      "Package": "commonmark",
      "Version": "1.9.0",
      "Source": "Repository",
      "Repository": "CRAN",
      "Hash": "d691c61bff84bd63c383874d2d0c3307",
      "Requirements": []
    },
    "config": {
      "Package": "config",
      "Version": "0.3.2",
      "Source": "Repository",
      "Repository": "RSPM",
      "Hash": "8b7222e9d9eb5178eea545c0c4d33fc2",
      "Requirements": [
        "yaml"
      ]
    },
    "cowplot": {
      "Package": "cowplot",
      "Version": "1.1.1",
      "Source": "Repository",
      "Repository": "CRAN",
      "Hash": "b418e8423699d11c7f2087c2bfd07da2",
      "Requirements": [
        "ggplot2",
        "gtable",
        "rlang",
        "scales"
      ]
    },
    "cpp11": {
      "Package": "cpp11",
      "Version": "0.4.6",
      "Source": "Repository",
      "Repository": "RSPM",
      "Hash": "707fae4bbf73697ec8d85f9d7076c061",
      "Requirements": []
    },
    "crayon": {
      "Package": "crayon",
      "Version": "1.5.2",
      "Source": "Repository",
      "Repository": "CRAN",
      "Hash": "e8a1e41acf02548751f45c718d55aa6a",
      "Requirements": []
    },
    "credentials": {
      "Package": "credentials",
      "Version": "1.3.2",
      "Source": "Repository",
      "Repository": "CRAN",
      "Hash": "93762d0a34d78e6a025efdbfb5c6bb41",
      "Requirements": [
        "askpass",
        "curl",
        "jsonlite",
        "openssl",
        "sys"
      ]
    },
    "crosstalk": {
      "Package": "crosstalk",
      "Version": "1.2.1",
      "Source": "Repository",
      "Repository": "RSPM",
      "Hash": "ab12c7b080a57475248a30f4db6298c0",
      "Requirements": [
        "R6",
        "htmltools",
        "jsonlite",
        "lazyeval"
      ]
    },
    "crul": {
      "Package": "crul",
      "Version": "1.3",
      "Source": "Repository",
      "Repository": "CRAN",
      "Hash": "2408d291bf25a9a6c27d912bcfe6ce0c",
      "Requirements": [
        "R6",
        "curl",
        "httpcode",
        "jsonlite",
        "mime",
        "urltools"
      ]
    },
    "curl": {
      "Package": "curl",
      "Version": "5.2.1",
      "Source": "Repository",
      "Repository": "CRAN",
      "Hash": "411ca2c03b1ce5f548345d2fc2685f7a",
      "Requirements": []
    },
    "data.table": {
      "Package": "data.table",
      "Version": "1.14.6",
      "Source": "Repository",
      "Repository": "RSPM",
      "Hash": "aecef50008ea7b57c76f1cb5c127fb02",
      "Requirements": []
    },
    "desc": {
      "Package": "desc",
      "Version": "1.4.2",
      "Source": "Repository",
      "Repository": "CRAN",
      "Hash": "6b9602c7ebbe87101a9c8edb6e8b6d21",
      "Requirements": [
        "R6",
        "cli",
        "rprojroot"
      ]
    },
    "devtools": {
      "Package": "devtools",
      "Version": "2.4.5",
      "Source": "Repository",
      "Repository": "CRAN",
      "Hash": "ea5bc8b4a6a01e4f12d98b58329930bb",
      "Requirements": [
        "cli",
        "desc",
        "ellipsis",
        "fs",
        "lifecycle",
        "memoise",
        "miniUI",
        "pkgbuild",
        "pkgdown",
        "pkgload",
        "profvis",
        "rcmdcheck",
        "remotes",
        "rlang",
        "roxygen2",
        "rversions",
        "sessioninfo",
        "testthat",
        "urlchecker",
        "usethis",
        "withr"
      ]
    },
    "diffobj": {
      "Package": "diffobj",
      "Version": "0.3.5",
      "Source": "Repository",
      "Repository": "CRAN",
      "Hash": "bcaa8b95f8d7d01a5dedfd959ce88ab8",
      "Requirements": [
        "crayon"
      ]
    },
    "digest": {
      "Package": "digest",
      "Version": "0.6.31",
      "Source": "Repository",
      "Repository": "CRAN",
      "Hash": "8b708f296afd9ae69f450f9640be8990",
      "Requirements": []
    },
    "downlit": {
      "Package": "downlit",
      "Version": "0.4.2",
      "Source": "Repository",
      "Repository": "CRAN",
      "Hash": "79bf3f66590752ffbba20f8d2da94c7c",
      "Requirements": [
        "brio",
        "desc",
        "digest",
        "evaluate",
        "fansi",
        "memoise",
        "rlang",
        "vctrs",
        "withr",
        "yaml"
      ]
    },
    "dplyr": {
      "Package": "dplyr",
      "Version": "1.0.10",
      "Source": "Repository",
      "Repository": "RSPM",
      "Hash": "539412282059f7f0c07295723d23f987",
      "Requirements": [
        "R6",
        "generics",
        "glue",
        "lifecycle",
        "magrittr",
        "pillar",
        "rlang",
        "tibble",
        "tidyselect",
        "vctrs"
      ]
    },
    "ellipsis": {
      "Package": "ellipsis",
      "Version": "0.3.2",
      "Source": "Repository",
      "Repository": "CRAN",
      "Hash": "bb0eec2fe32e88d9e2836c2f73ea2077",
      "Requirements": [
        "rlang"
      ]
    },
    "epitools": {
      "Package": "epitools",
      "Version": "0.5-10.1",
      "Source": "Repository",
      "Repository": "RSPM",
      "Hash": "b1eef914dc165a4974012e43efb58da0",
      "Requirements": []
    },
    "evaluate": {
      "Package": "evaluate",
      "Version": "0.23",
      "Source": "Repository",
      "Repository": "RSPM",
      "Hash": "daf4a1246be12c1fa8c7705a0935c1a0",
      "Requirements": []
    },
    "fansi": {
      "Package": "fansi",
      "Version": "1.0.3",
      "Source": "Repository",
      "Repository": "RSPM",
      "Hash": "83a8afdbe71839506baa9f90eebad7ec",
      "Requirements": []
    },
    "farver": {
      "Package": "farver",
      "Version": "2.1.1",
      "Source": "Repository",
      "Repository": "CRAN",
      "Hash": "8106d78941f34855c440ddb946b8f7a5",
      "Requirements": []
    },
    "fastmap": {
      "Package": "fastmap",
      "Version": "1.1.1",
      "Source": "Repository",
      "Repository": "CRAN",
      "Hash": "f7736a18de97dea803bde0a2daaafb27",
      "Requirements": []
    },
    "flextable": {
      "Package": "flextable",
      "Version": "0.8.3",
      "Source": "Repository",
      "Repository": "RSPM",
      "Hash": "df0b526f6c280d1dc3f88a5fe64695a2",
      "Requirements": [
        "base64enc",
        "data.table",
        "gdtools",
        "htmltools",
        "knitr",
        "officer",
        "rlang",
        "rmarkdown",
        "uuid",
        "xml2"
      ]
    },
    "fontBitstreamVera": {
      "Package": "fontBitstreamVera",
      "Version": "0.1.1",
      "Source": "Repository",
      "Repository": "CRAN",
      "Hash": "f6068021eff4aba735a9b2353516636c",
      "Requirements": []
    },
    "fontLiberation": {
      "Package": "fontLiberation",
      "Version": "0.1.0",
      "Source": "Repository",
      "Repository": "CRAN",
      "Hash": "f918c5e723f86f409912104d5b7a71d6",
      "Requirements": []
    },
    "fontawesome": {
      "Package": "fontawesome",
      "Version": "0.5.2",
      "Source": "Repository",
      "Repository": "RSPM",
      "Hash": "c2efdd5f0bcd1ea861c2d4e2a883a67d",
      "Requirements": [
        "htmltools",
        "rlang"
      ]
    },
    "fontquiver": {
      "Package": "fontquiver",
      "Version": "0.2.1",
      "Source": "Repository",
      "Repository": "CRAN",
      "Hash": "fc0f4226379e451057d55419fd31761e",
      "Requirements": [
        "fontBitstreamVera",
        "fontLiberation"
      ]
    },
    "forcats": {
      "Package": "forcats",
      "Version": "0.5.2",
      "Source": "Repository",
      "Repository": "RSPM",
      "Hash": "9d95bc88206321cd1bc98480ecfd74bb",
      "Requirements": [
        "cli",
        "ellipsis",
        "glue",
        "lifecycle",
        "magrittr",
        "rlang",
        "tibble",
        "withr"
      ]
    },
    "fresh": {
      "Package": "fresh",
      "Version": "0.2.0",
      "Source": "Repository",
      "Repository": "CRAN",
      "Hash": "fa54367040deb4537da49b7ac0ee5770",
      "Requirements": [
        "htmltools",
        "rstudioapi",
        "sass",
        "shiny"
      ]
    },
    "fs": {
      "Package": "fs",
      "Version": "1.5.2",
      "Source": "Repository",
      "Repository": "RSPM",
      "Hash": "7c89603d81793f0d5486d91ab1fc6f1d",
      "Requirements": []
    },
    "ftExtra": {
      "Package": "ftExtra",
      "Version": "0.4.0",
      "Source": "Repository",
      "Repository": "RSPM",
      "Hash": "5562a54640dcf6671b8007e6e291a6f7",
      "Requirements": [
        "dplyr",
        "flextable",
        "jsonlite",
        "magrittr",
        "purrr",
        "rlang",
        "rmarkdown",
        "stringr",
        "tibble",
        "tidyr",
        "tidyselect",
        "vctrs",
        "xfun",
        "yaml"
      ]
    },
    "gdtools": {
      "Package": "gdtools",
      "Version": "0.3.3",
      "Source": "Repository",
      "Repository": "CRAN",
      "Hash": "98158453e15bbd2486fac8454f4b4409",
      "Requirements": [
        "Rcpp",
        "curl",
        "fontquiver",
        "gfonts",
        "htmltools",
        "systemfonts"
      ]
    },
    "generics": {
      "Package": "generics",
      "Version": "0.1.3",
      "Source": "Repository",
      "Repository": "CRAN",
      "Hash": "15e9634c0fcd294799e9b2e929ed1b86",
      "Requirements": []
    },
    "gert": {
      "Package": "gert",
      "Version": "1.9.2",
      "Source": "Repository",
      "Repository": "CRAN",
      "Hash": "9122b3958e749badb5c939f498038b57",
      "Requirements": [
        "askpass",
        "credentials",
        "openssl",
        "rstudioapi",
        "sys",
        "zip"
      ]
    },
    "gfonts": {
      "Package": "gfonts",
      "Version": "0.2.0",
      "Source": "Repository",
      "Repository": "CRAN",
      "Hash": "a535d76cf92645364997a8751396d63b",
      "Requirements": [
        "crayon",
        "crul",
        "glue",
        "htmltools",
        "jsonlite",
        "shiny"
      ]
    },
    "ggplot2": {
      "Package": "ggplot2",
      "Version": "3.4.0",
      "Source": "Repository",
      "Repository": "RSPM",
      "Hash": "fd2aab12f54400c6bca43687231e246b",
      "Requirements": [
        "MASS",
        "cli",
        "glue",
        "gtable",
        "isoband",
        "lifecycle",
        "mgcv",
        "rlang",
        "scales",
        "tibble",
        "vctrs",
        "withr"
      ]
    },
    "ggstance": {
      "Package": "ggstance",
      "Version": "0.3.6",
      "Source": "Repository",
      "Repository": "RSPM",
      "Hash": "ef69648fcaaffebac4007ac4b43322ed",
      "Requirements": [
        "cli",
        "ggplot2",
        "plyr",
        "rlang",
        "withr"
      ]
    },
    "gh": {
      "Package": "gh",
      "Version": "1.3.1",
      "Source": "Repository",
      "Repository": "RSPM",
      "Hash": "b6a12054ee13dce0f6696c019c10e539",
      "Requirements": [
        "cli",
        "gitcreds",
        "httr",
        "ini",
        "jsonlite"
      ]
    },
    "gitcreds": {
      "Package": "gitcreds",
      "Version": "0.1.2",
      "Source": "Repository",
      "Repository": "CRAN",
      "Hash": "ab08ac61f3e1be454ae21911eb8bc2fe",
      "Requirements": []
    },
    "glue": {
      "Package": "glue",
      "Version": "1.6.2",
      "Source": "Repository",
      "Repository": "CRAN",
      "Hash": "4f2596dfb05dac67b9dc558e5c6fba2e",
      "Requirements": []
    },
    "golem": {
      "Package": "golem",
      "Version": "0.4.1",
      "Source": "Repository",
      "Repository": "RSPM",
      "Hash": "dc12172dc35c6c80e18b430dc546fc24",
      "Requirements": [
        "attempt",
        "config",
        "here",
        "htmltools",
        "rlang",
        "shiny",
        "yaml"
      ]
    },
    "gtable": {
      "Package": "gtable",
      "Version": "0.3.1",
      "Source": "Repository",
      "Repository": "RSPM",
      "Hash": "36b4265fb818f6a342bed217549cd896",
      "Requirements": []
    },
    "haven": {
      "Package": "haven",
      "Version": "2.5.1",
      "Source": "Repository",
      "Repository": "RSPM",
      "Hash": "5b45a553fca2217a07b6f9c843304c44",
      "Requirements": [
        "cli",
        "cpp11",
        "forcats",
        "hms",
        "lifecycle",
        "readr",
        "rlang",
        "tibble",
        "tidyselect",
        "vctrs"
      ]
    },
    "here": {
      "Package": "here",
      "Version": "1.0.1",
      "Source": "Repository",
      "Repository": "CRAN",
      "Hash": "24b224366f9c2e7534d2344d10d59211",
      "Requirements": [
        "rprojroot"
      ]
    },
    "highr": {
      "Package": "highr",
      "Version": "0.10",
      "Source": "Repository",
      "Repository": "CRAN",
      "Hash": "06230136b2d2b9ba5805e1963fa6e890",
      "Requirements": [
        "xfun"
      ]
    },
    "hms": {
      "Package": "hms",
      "Version": "1.1.3",
      "Source": "Repository",
      "Repository": "CRAN",
      "Hash": "b59377caa7ed00fa41808342002138f9",
      "Requirements": [
        "lifecycle",
        "pkgconfig",
        "rlang",
        "vctrs"
      ]
    },
    "htmltools": {
      "Package": "htmltools",
      "Version": "0.5.5",
      "Source": "Repository",
      "Repository": "CRAN",
      "Hash": "ba0240784ad50a62165058a27459304a",
      "Requirements": [
        "base64enc",
        "digest",
        "ellipsis",
        "fastmap",
        "rlang"
      ]
    },
    "htmlwidgets": {
      "Package": "htmlwidgets",
      "Version": "1.6.4",
      "Source": "Repository",
      "Repository": "RSPM",
      "Hash": "04291cc45198225444a397606810ac37",
      "Requirements": [
        "htmltools",
        "jsonlite",
        "knitr",
        "rmarkdown",
        "yaml"
      ]
    },
    "httpcode": {
      "Package": "httpcode",
      "Version": "0.3.0",
      "Source": "Repository",
      "Repository": "CRAN",
      "Hash": "13641a1c6d2cc98801b76764078e17ea",
      "Requirements": []
    },
    "httpuv": {
      "Package": "httpuv",
      "Version": "1.6.9",
      "Source": "Repository",
      "Repository": "CRAN",
      "Hash": "1046aa31a57eae8b357267a56a0b6d8b",
      "Requirements": [
        "R6",
        "Rcpp",
        "later",
        "promises"
      ]
    },
    "httr": {
      "Package": "httr",
      "Version": "1.4.7",
      "Source": "Repository",
      "Repository": "RSPM",
      "Hash": "ac107251d9d9fd72f0ca8049988f1d7f",
      "Requirements": [
        "R6",
        "curl",
        "jsonlite",
        "mime",
        "openssl"
      ]
    },
    "ini": {
      "Package": "ini",
      "Version": "0.3.1",
      "Source": "Repository",
      "Repository": "CRAN",
      "Hash": "6154ec2223172bce8162d4153cda21f7",
      "Requirements": []
    },
    "isoband": {
      "Package": "isoband",
      "Version": "0.2.6",
      "Source": "Repository",
      "Repository": "RSPM",
      "Hash": "cfdea9dea85c1a973991c8cbe299f4da",
      "Requirements": []
    },
    "jquerylib": {
      "Package": "jquerylib",
      "Version": "0.1.4",
      "Source": "Repository",
      "Repository": "CRAN",
      "Hash": "5aab57a3bd297eee1c1d862735972182",
      "Requirements": [
        "htmltools"
      ]
    },
    "jsonlite": {
      "Package": "jsonlite",
      "Version": "1.8.4",
      "Source": "Repository",
      "Repository": "CRAN",
      "Hash": "a4269a09a9b865579b2635c77e572374",
      "Requirements": []
    },
    "knitr": {
      "Package": "knitr",
      "Version": "1.46",
      "Source": "Repository",
      "Repository": "CRAN",
      "Hash": "6e008ab1d696a5283c79765fa7b56b47",
      "Requirements": [
        "evaluate",
        "highr",
        "xfun",
        "yaml"
      ]
    },
    "labeling": {
      "Package": "labeling",
      "Version": "0.4.2",
      "Source": "Repository",
      "Repository": "CRAN",
      "Hash": "3d5108641f47470611a32d0bdf357a72",
      "Requirements": []
    },
    "later": {
      "Package": "later",
      "Version": "1.3.0",
      "Source": "Repository",
      "Repository": "CRAN",
      "Hash": "7e7b457d7766bc47f2a5f21cc2984f8e",
      "Requirements": [
        "Rcpp",
        "rlang"
      ]
    },
    "lattice": {
      "Package": "lattice",
      "Version": "0.20-45",
      "Source": "Repository",
      "Repository": "CRAN",
      "Hash": "b64cdbb2b340437c4ee047a1f4c4377b",
      "Requirements": []
    },
    "lazyeval": {
      "Package": "lazyeval",
      "Version": "0.2.2",
      "Source": "Repository",
      "Repository": "CRAN",
      "Hash": "d908914ae53b04d4c0c0fd72ecc35370",
      "Requirements": []
    },
    "lifecycle": {
      "Package": "lifecycle",
      "Version": "1.0.4",
      "Source": "Repository",
      "Repository": "RSPM",
      "Hash": "b8552d117e1b808b09a832f589b79035",
      "Requirements": [
        "cli",
        "glue",
        "rlang"
      ]
    },
    "magrittr": {
      "Package": "magrittr",
      "Version": "2.0.3",
      "Source": "Repository",
      "Repository": "CRAN",
      "Hash": "7ce2733a9826b3aeb1775d56fd305472",
      "Requirements": []
    },
    "markdown": {
      "Package": "markdown",
      "Version": "1.4",
      "Source": "Repository",
      "Repository": "RSPM",
      "Hash": "f99f5d2d7b2c2c031343bfa7b9f97980",
      "Requirements": [
        "commonmark",
        "mime",
        "xfun"
      ]
    },
    "memoise": {
      "Package": "memoise",
      "Version": "2.0.1",
      "Source": "Repository",
      "Repository": "CRAN",
      "Hash": "e2817ccf4a065c5d9d7f2cfbe7c1d78c",
      "Requirements": [
        "cachem",
        "rlang"
      ]
    },
    "mgcv": {
      "Package": "mgcv",
      "Version": "1.8-41",
      "Source": "Repository",
      "Repository": "RSPM",
      "Hash": "6b3904f13346742caa3e82dd0303d4ad",
      "Requirements": [
        "Matrix",
        "nlme"
      ]
    },
    "mime": {
      "Package": "mime",
      "Version": "0.12",
      "Source": "Repository",
      "Repository": "CRAN",
      "Hash": "18e9c28c1d3ca1560ce30658b22ce104",
      "Requirements": []
    },
    "miniUI": {
      "Package": "miniUI",
      "Version": "0.1.1.1",
      "Source": "Repository",
      "Repository": "CRAN",
      "Hash": "fec5f52652d60615fdb3957b3d74324a",
      "Requirements": [
        "htmltools",
        "shiny"
      ]
    },
    "munsell": {
      "Package": "munsell",
      "Version": "0.5.0",
      "Source": "Repository",
      "Repository": "CRAN",
      "Hash": "6dfe8bf774944bd5595785e3229d8771",
      "Requirements": [
        "colorspace"
      ]
    },
    "nlme": {
      "Package": "nlme",
      "Version": "3.1-160",
      "Source": "Repository",
      "Repository": "RSPM",
      "Hash": "02e3c6e7df163aafa8477225e6827bc5",
      "Requirements": [
        "lattice"
      ]
    },
    "officer": {
      "Package": "officer",
      "Version": "0.6.2",
      "Source": "Repository",
      "Repository": "CRAN",
      "Hash": "d570077027cfedcf743d86838ffbd885",
      "Requirements": [
        "R6",
        "openssl",
        "ragg",
        "uuid",
        "xml2",
        "zip"
      ]
    },
    "openssl": {
      "Package": "openssl",
      "Version": "2.0.6",
      "Source": "Repository",
      "Repository": "CRAN",
      "Hash": "0f7cd2962e3044bb940cca4f4b5cecbe",
      "Requirements": [
        "askpass"
      ]
    },
    "pillar": {
      "Package": "pillar",
      "Version": "1.8.1",
      "Source": "Repository",
      "Repository": "RSPM",
      "Hash": "f2316df30902c81729ae9de95ad5a608",
      "Requirements": [
        "cli",
        "fansi",
        "glue",
        "lifecycle",
        "rlang",
        "utf8",
        "vctrs"
      ]
    },
    "pkgbuild": {
      "Package": "pkgbuild",
      "Version": "1.4.0",
      "Source": "Repository",
      "Repository": "CRAN",
      "Hash": "d6c3008d79653a0f267703288230105e",
      "Requirements": [
        "R6",
        "callr",
        "cli",
        "crayon",
        "desc",
        "prettyunits",
        "processx",
        "rprojroot",
        "withr"
      ]
    },
    "pkgconfig": {
      "Package": "pkgconfig",
      "Version": "2.0.3",
      "Source": "Repository",
      "Repository": "CRAN",
      "Hash": "01f28d4278f15c76cddbea05899c5d6f",
      "Requirements": []
    },
    "pkgdown": {
      "Package": "pkgdown",
      "Version": "2.0.6",
      "Source": "Repository",
      "Repository": "RSPM",
      "Hash": "f958d0b2a5dabc5ffd414f062b1ffbe7",
      "Requirements": [
        "bslib",
        "callr",
        "cli",
        "desc",
        "digest",
        "downlit",
        "fs",
        "httr",
        "jsonlite",
        "magrittr",
        "memoise",
        "purrr",
        "ragg",
        "rlang",
        "rmarkdown",
        "tibble",
        "whisker",
        "withr",
        "xml2",
        "yaml"
      ]
    },
    "pkgload": {
      "Package": "pkgload",
      "Version": "1.3.2",
      "Source": "Repository",
      "Repository": "CRAN",
      "Hash": "6b0c222c5071efe0f3baf3dae9aa40e2",
      "Requirements": [
        "cli",
        "crayon",
        "desc",
        "fs",
        "glue",
        "rlang",
        "rprojroot",
        "withr"
      ]
    },
    "plotly": {
      "Package": "plotly",
      "Version": "4.10.1",
      "Source": "Repository",
      "Repository": "CRAN",
      "Hash": "3781cf6971c6467fa842a63725bbee9e",
      "Requirements": [
        "RColorBrewer",
        "base64enc",
        "crosstalk",
        "data.table",
        "digest",
        "dplyr",
        "ggplot2",
        "htmltools",
        "htmlwidgets",
        "httr",
        "jsonlite",
        "lazyeval",
        "magrittr",
        "promises",
        "purrr",
        "rlang",
        "scales",
        "tibble",
        "tidyr",
        "vctrs",
        "viridisLite"
      ]
    },
    "plyr": {
      "Package": "plyr",
      "Version": "1.8.8",
      "Source": "Repository",
      "Repository": "RSPM",
      "Hash": "d744387aef9047b0b48be2933d78e862",
      "Requirements": [
        "Rcpp"
      ]
    },
    "praise": {
      "Package": "praise",
      "Version": "1.0.0",
      "Source": "Repository",
      "Repository": "CRAN",
      "Hash": "a555924add98c99d2f411e37e7d25e9f",
      "Requirements": []
    },
    "prettyunits": {
      "Package": "prettyunits",
      "Version": "1.1.1",
      "Source": "Repository",
      "Repository": "CRAN",
      "Hash": "95ef9167b75dde9d2ccc3c7528393e7e",
      "Requirements": []
    },
    "processx": {
      "Package": "processx",
      "Version": "3.8.0",
      "Source": "Repository",
      "Repository": "CRAN",
      "Hash": "a33ee2d9bf07564efb888ad98410da84",
      "Requirements": [
        "R6",
        "ps"
      ]
    },
    "profvis": {
      "Package": "profvis",
      "Version": "0.3.7",
      "Source": "Repository",
      "Repository": "CRAN",
      "Hash": "e9d21e79848e02e524bea6f5bd53e7e4",
      "Requirements": [
        "htmlwidgets",
        "stringr"
      ]
    },
    "progress": {
      "Package": "progress",
      "Version": "1.2.2",
      "Source": "Repository",
      "Repository": "CRAN",
      "Hash": "14dc9f7a3c91ebb14ec5bb9208a07061",
      "Requirements": [
        "R6",
        "crayon",
        "hms",
        "prettyunits"
      ]
    },
    "promises": {
      "Package": "promises",
      "Version": "1.2.0.1",
      "Source": "Repository",
      "Repository": "CRAN",
      "Hash": "4ab2c43adb4d4699cf3690acd378d75d",
      "Requirements": [
        "R6",
        "Rcpp",
        "later",
        "magrittr",
        "rlang"
      ]
    },
    "ps": {
      "Package": "ps",
      "Version": "1.7.2",
      "Source": "Repository",
      "Repository": "RSPM",
      "Hash": "68dd03d98a5efd1eb3012436de45ba83",
      "Requirements": []
    },
    "purrr": {
      "Package": "purrr",
      "Version": "0.3.5",
      "Source": "Repository",
      "Repository": "RSPM",
      "Hash": "54842a2443c76267152eface28d9e90a",
      "Requirements": [
        "magrittr",
        "rlang"
      ]
    },
    "ragg": {
      "Package": "ragg",
      "Version": "1.2.4",
      "Source": "Repository",
      "Repository": "RSPM",
      "Hash": "0db17bd5a1d4abfec76487b6f5dd957b",
      "Requirements": [
        "systemfonts",
        "textshaping"
      ]
    },
    "rappdirs": {
      "Package": "rappdirs",
      "Version": "0.3.3",
      "Source": "Repository",
      "Repository": "CRAN",
      "Hash": "5e3c5dc0b071b21fa128676560dbe94d",
      "Requirements": []
    },
    "rcmdcheck": {
      "Package": "rcmdcheck",
      "Version": "1.4.0",
      "Source": "Repository",
      "Repository": "CRAN",
      "Hash": "8f25ebe2ec38b1f2aef3b0d2ef76f6c4",
      "Requirements": [
        "R6",
        "callr",
        "cli",
        "curl",
        "desc",
        "digest",
        "pkgbuild",
        "prettyunits",
        "rprojroot",
        "sessioninfo",
        "withr",
        "xopen"
      ]
    },
    "readr": {
      "Package": "readr",
      "Version": "2.1.3",
      "Source": "Repository",
      "Repository": "RSPM",
      "Hash": "2dfbfc673ccb3de3d8836b4b3bd23d14",
      "Requirements": [
        "R6",
        "cli",
        "clipr",
        "cpp11",
        "crayon",
        "hms",
        "lifecycle",
        "rlang",
        "tibble",
        "tzdb",
        "vroom"
      ]
    },
    "rematch2": {
      "Package": "rematch2",
      "Version": "2.1.2",
      "Source": "Repository",
      "Repository": "CRAN",
      "Hash": "76c9e04c712a05848ae7a23d2f170a40",
      "Requirements": [
        "tibble"
      ]
    },
    "remotes": {
      "Package": "remotes",
      "Version": "2.4.2",
      "Source": "Repository",
      "Repository": "CRAN",
      "Hash": "227045be9aee47e6dda9bb38ac870d67",
      "Requirements": []
    },
    "renv": {
      "Package": "renv",
      "Version": "1.0.7",
      "Source": "Repository",
      "Repository": "CRAN",
      "Hash": "397b7b2a265bc5a7a06852524dabae20",
      "Requirements": []
    },
    "rlang": {
      "Package": "rlang",
      "Version": "1.1.0",
      "Source": "Repository",
      "Repository": "CRAN",
      "Hash": "dc079ccd156cde8647360f473c1fa718",
      "Requirements": []
    },
    "rmarkdown": {
      "Package": "rmarkdown",
      "Version": "2.27",
      "Source": "Repository",
      "Repository": "CRAN",
      "Hash": "27f9502e1cdbfa195f94e03b0f517484",
      "Requirements": [
        "bslib",
        "evaluate",
        "fontawesome",
        "htmltools",
        "jquerylib",
        "jsonlite",
        "knitr",
        "tinytex",
        "xfun",
        "yaml"
      ]
    },
    "roxygen2": {
      "Package": "roxygen2",
      "Version": "7.2.3",
      "Source": "Repository",
      "Repository": "CRAN",
      "Hash": "7b153c746193b143c14baa072bae4e27",
      "Requirements": [
        "R6",
        "brew",
        "cli",
        "commonmark",
        "cpp11",
        "desc",
        "knitr",
        "pkgload",
        "purrr",
        "rlang",
        "stringi",
        "stringr",
        "withr",
        "xml2"
      ]
    },
    "rprojroot": {
      "Package": "rprojroot",
      "Version": "2.0.4",
      "Source": "Repository",
      "Repository": "RSPM",
      "Hash": "4c8415e0ec1e29f3f4f6fc108bef0144",
      "Requirements": []
    },
    "rstudioapi": {
      "Package": "rstudioapi",
      "Version": "0.16.0",
      "Source": "Repository",
      "Repository": "CRAN",
      "Hash": "96710351d642b70e8f02ddeb237c46a7",
      "Requirements": []
    },
    "rversions": {
      "Package": "rversions",
      "Version": "2.1.2",
      "Source": "Repository",
      "Repository": "CRAN",
      "Hash": "a9881dfed103e83f9de151dc17002cd1",
      "Requirements": [
        "curl",
        "xml2"
      ]
    },
    "sass": {
      "Package": "sass",
      "Version": "0.4.9",
      "Source": "Repository",
      "Repository": "CRAN",
      "Hash": "d53dbfddf695303ea4ad66f86e99b95d",
      "Requirements": [
        "R6",
        "fs",
        "htmltools",
        "rappdirs",
        "rlang"
      ]
    },
    "scales": {
      "Package": "scales",
      "Version": "1.2.1",
      "Source": "Repository",
      "Repository": "CRAN",
      "Hash": "906cb23d2f1c5680b8ce439b44c6fa63",
      "Requirements": [
        "R6",
        "RColorBrewer",
        "farver",
        "labeling",
        "lifecycle",
        "munsell",
        "rlang",
        "viridisLite"
      ]
    },
    "sessioninfo": {
      "Package": "sessioninfo",
      "Version": "1.2.2",
      "Source": "Repository",
      "Repository": "CRAN",
      "Hash": "3f9796a8d0a0e8c6eb49a4b029359d1f",
      "Requirements": [
        "cli"
      ]
    },
    "shiny": {
      "Package": "shiny",
      "Version": "1.8.1.1",
      "Source": "Repository",
      "Repository": "CRAN",
      "Hash": "54b26646816af9960a4c64d8ceec75d6",
      "Requirements": [
        "R6",
        "bslib",
        "cachem",
        "commonmark",
        "crayon",
        "fastmap",
        "fontawesome",
        "glue",
        "htmltools",
        "httpuv",
        "jsonlite",
        "later",
        "lifecycle",
        "mime",
        "promises",
        "rlang",
        "sourcetools",
        "withr",
        "xtable"
      ]
    },
    "shinyWidgets": {
      "Package": "shinyWidgets",
      "Version": "0.8.6",
      "Source": "Repository",
      "Repository": "CRAN",
      "Hash": "bc918b6911c4e928e24a9928295de834",
      "Requirements": [
        "anytime",
        "bslib",
        "htmltools",
        "jsonlite",
        "rlang",
        "sass",
        "shiny"
      ]
    },
    "shinycssloaders": {
      "Package": "shinycssloaders",
      "Version": "1.0.0",
      "Source": "Repository",
      "Repository": "RSPM",
      "Hash": "f39bb3c44a9b496723ec7e86f9a771d8",
      "Requirements": [
        "digest",
        "glue",
        "shiny"
      ]
    },
    "shinyjs": {
      "Package": "shinyjs",
      "Version": "2.1.0",
      "Source": "Repository",
      "Repository": "RSPM",
      "Hash": "802e4786b353a4bb27116957558548d5",
      "Requirements": [
        "digest",
        "jsonlite",
        "shiny"
      ]
    },
    "sourcetools": {
      "Package": "sourcetools",
      "Version": "0.1.7-1",
      "Source": "Repository",
      "Repository": "CRAN",
      "Hash": "5f5a7629f956619d519205ec475fe647",
      "Requirements": []
    },
    "stringi": {
      "Package": "stringi",
      "Version": "1.7.12",
      "Source": "Repository",
      "Repository": "CRAN",
      "Hash": "ca8bd84263c77310739d2cf64d84d7c9",
      "Requirements": []
    },
    "stringr": {
      "Package": "stringr",
      "Version": "1.5.0",
      "Source": "Repository",
      "Repository": "CRAN",
      "Hash": "671a4d384ae9d32fc47a14e98bfa3dc8",
      "Requirements": [
        "cli",
        "glue",
        "lifecycle",
        "magrittr",
        "rlang",
        "stringi",
        "vctrs"
      ]
    },
    "sys": {
      "Package": "sys",
      "Version": "3.4.1",
      "Source": "Repository",
      "Repository": "CRAN",
      "Hash": "34c16f1ef796057bfa06d3f4ff818a5d",
      "Requirements": []
    },
    "systemfonts": {
      "Package": "systemfonts",
      "Version": "1.0.4",
      "Source": "Repository",
      "Repository": "CRAN",
      "Hash": "90b28393209827327de889f49935140a",
      "Requirements": [
        "cpp11"
      ]
    },
    "testthat": {
      "Package": "testthat",
      "Version": "3.1.6",
      "Source": "Repository",
      "Repository": "RSPM",
      "Hash": "7910146255835c66e9eb272fb215248d",
      "Requirements": [
        "R6",
        "brio",
        "callr",
        "cli",
        "desc",
        "digest",
        "ellipsis",
        "evaluate",
        "jsonlite",
        "lifecycle",
        "magrittr",
        "pkgload",
        "praise",
        "processx",
        "ps",
        "rlang",
        "waldo",
        "withr"
      ]
    },
    "textshaping": {
      "Package": "textshaping",
      "Version": "0.3.6",
      "Source": "Repository",
      "Repository": "CRAN",
      "Hash": "1ab6223d3670fac7143202cb6a2d43d5",
      "Requirements": [
        "cpp11",
        "systemfonts"
      ]
    },
    "tibble": {
      "Package": "tibble",
      "Version": "3.1.8",
      "Source": "Repository",
      "Repository": "RSPM",
      "Hash": "56b6934ef0f8c68225949a8672fe1a8f",
      "Requirements": [
        "fansi",
        "lifecycle",
        "magrittr",
        "pillar",
        "pkgconfig",
        "rlang",
        "vctrs"
      ]
    },
    "tidyr": {
      "Package": "tidyr",
      "Version": "1.2.1",
      "Source": "Repository",
      "Repository": "RSPM",
      "Hash": "cdb403db0de33ccd1b6f53b83736efa8",
      "Requirements": [
        "cpp11",
        "dplyr",
        "ellipsis",
        "glue",
        "lifecycle",
        "magrittr",
        "purrr",
        "rlang",
        "tibble",
        "tidyselect",
        "vctrs"
      ]
    },
    "tidyselect": {
      "Package": "tidyselect",
      "Version": "1.2.0",
      "Source": "Repository",
      "Repository": "CRAN",
      "Hash": "79540e5fcd9e0435af547d885f184fd5",
      "Requirements": [
        "cli",
        "glue",
        "lifecycle",
        "rlang",
        "vctrs",
        "withr"
      ]
    },
    "tinytex": {
      "Package": "tinytex",
      "Version": "0.51",
      "Source": "Repository",
      "Repository": "CRAN",
      "Hash": "d44e2fcd2e4e076f0aac540208559d1d",
      "Requirements": [
        "xfun"
      ]
    },
    "triebeard": {
      "Package": "triebeard",
      "Version": "0.3.0",
      "Source": "Repository",
      "Repository": "RSPM",
      "Hash": "847a9d113b78baca4a9a8639609ea228",
      "Requirements": [
        "Rcpp"
      ]
    },
    "tzdb": {
      "Package": "tzdb",
      "Version": "0.3.0",
      "Source": "Repository",
      "Repository": "CRAN",
      "Hash": "b2e1cbce7c903eaf23ec05c58e59fb5e",
      "Requirements": [
        "cpp11"
      ]
    },
    "urlchecker": {
      "Package": "urlchecker",
      "Version": "1.0.1",
      "Source": "Repository",
      "Repository": "CRAN",
      "Hash": "409328b8e1253c8d729a7836fe7f7a16",
      "Requirements": [
        "cli",
        "curl",
        "xml2"
      ]
    },
    "urltools": {
      "Package": "urltools",
      "Version": "1.7.3",
      "Source": "Repository",
      "Repository": "CRAN",
      "Hash": "e86a704261a105f4703f653e05defa3e",
      "Requirements": [
        "Rcpp",
        "triebeard"
      ]
    },
    "usethis": {
      "Package": "usethis",
      "Version": "2.1.6",
      "Source": "Repository",
      "Repository": "CRAN",
      "Hash": "a67a22c201832b12c036cc059f1d137d",
      "Requirements": [
        "cli",
        "clipr",
        "crayon",
        "curl",
        "desc",
        "fs",
        "gert",
        "gh",
        "glue",
        "jsonlite",
        "lifecycle",
        "purrr",
        "rappdirs",
        "rlang",
        "rprojroot",
        "rstudioapi",
        "whisker",
        "withr",
        "yaml"
      ]
    },
    "utf8": {
      "Package": "utf8",
      "Version": "1.2.2",
      "Source": "Repository",
      "Repository": "RSPM",
      "Hash": "c9c462b759a5cc844ae25b5942654d13",
      "Requirements": []
    },
    "uuid": {
      "Package": "uuid",
      "Version": "1.1-0",
      "Source": "Repository",
      "Repository": "CRAN",
      "Hash": "f1cb46c157d080b729159d407be83496",
      "Requirements": []
    },
    "vctrs": {
      "Package": "vctrs",
      "Version": "0.5.1",
      "Source": "Repository",
      "Repository": "RSPM",
      "Hash": "970324f6572b4fd81db507b5d4062cb0",
      "Requirements": [
        "cli",
        "glue",
        "lifecycle",
        "rlang"
      ]
    },
    "viridisLite": {
      "Package": "viridisLite",
      "Version": "0.4.1",
      "Source": "Repository",
      "Repository": "CRAN",
      "Hash": "62f4b5da3e08d8e5bcba6cac15603f70",
      "Requirements": []
    },
    "vroom": {
      "Package": "vroom",
      "Version": "1.6.0",
      "Source": "Repository",
      "Repository": "RSPM",
      "Hash": "64f81fdead6e0d250fb041e175d123ab",
      "Requirements": [
        "bit64",
        "cli",
        "cpp11",
        "crayon",
        "glue",
        "hms",
        "lifecycle",
        "progress",
        "rlang",
        "tibble",
        "tidyselect",
        "tzdb",
        "vctrs",
        "withr"
      ]
    },
    "waiter": {
      "Package": "waiter",
      "Version": "0.2.5",
      "Source": "Repository",
      "Repository": "CRAN",
      "Hash": "93e6b6c8ae3f81d4be77a0dc74e5cf5e",
      "Requirements": [
        "R6",
        "htmltools",
        "shiny"
      ]
    },
    "waldo": {
      "Package": "waldo",
      "Version": "0.4.0",
      "Source": "Repository",
      "Repository": "CRAN",
      "Hash": "035fba89d0c86e2113120f93301b98ad",
      "Requirements": [
        "cli",
        "diffobj",
        "fansi",
        "glue",
        "rematch2",
        "rlang",
        "tibble"
      ]
    },
    "whisker": {
      "Package": "whisker",
      "Version": "0.4.1",
      "Source": "Repository",
      "Repository": "CRAN",
      "Hash": "c6abfa47a46d281a7d5159d0a8891e88",
      "Requirements": []
    },
    "withr": {
      "Package": "withr",
      "Version": "3.0.0",
      "Source": "Repository",
      "Repository": "CRAN",
      "Hash": "d31b6c62c10dcf11ec530ca6b0dd5d35",
      "Requirements": []
    },
    "xfun": {
      "Package": "xfun",
      "Version": "0.44",
      "Source": "Repository",
      "Repository": "CRAN",
      "Hash": "317a0538d32f4a009658bcedb7923f4b",
      "Requirements": []
    },
    "xml2": {
      "Package": "xml2",
      "Version": "1.3.3",
      "Source": "Repository",
      "Repository": "CRAN",
      "Hash": "40682ed6a969ea5abfd351eb67833adc",
      "Requirements": []
    },
    "xopen": {
      "Package": "xopen",
      "Version": "1.0.0",
      "Source": "Repository",
      "Repository": "CRAN",
      "Hash": "6c85f015dee9cc7710ddd20f86881f58",
      "Requirements": [
        "processx"
      ]
    },
    "xtable": {
      "Package": "xtable",
      "Version": "1.8-4",
      "Source": "Repository",
      "Repository": "CRAN",
      "Hash": "b8acdf8af494d9ec19ccb2481a9b11c2",
      "Requirements": []
    },
    "yaml": {
      "Package": "yaml",
      "Version": "2.3.7",
      "Source": "Repository",
      "Repository": "CRAN",
      "Hash": "0d0056cc5383fbc240ccd0cb584bf436",
      "Requirements": []
    },
    "zip": {
      "Package": "zip",
      "Version": "2.2.2",
      "Source": "Repository",
      "Repository": "CRAN",
      "Hash": "c42bfcec3fa6a0cce17ce1f8bc684f88",
      "Requirements": []
    }
  }
}
